{
  "originHash" : "1f67b88cca6ad670cf96044ab5c3d26af9fedd0ed62f4fd8a4c3bf2ab09dec3c",
  "pins" : [
    {
      "identity" : "adsdks",
      "kind" : "remoteSourceControl",
      "location" : "https://github.com/AnyMindG/AdSDKs.git",
      "state" : {
        "revision" : "f8975ae33854664e7e5ef4666d6bafb1091bce95",
        "version" : "1.5.0"
      }
    },
    {
      "identity" : "googlemobileadsmediationfyber",
      "kind" : "remoteSourceControl",
      "location" : "https://github.com/AnyMindG/GoogleMobileAdsMediationFyber.git",
      "state" : {
        "revision" : "93ed4440611efc09711e981043bd2a39a46ae9bd",
        "version" : "1.3.0"
      }
    },
    {
      "identity" : "googlemobileadsmediationinmobi",
      "kind" : "remoteSourceControl",
      "location" : "https://github.com/AnyMindG/GoogleMobileAdsMediationInMobi.git",
      "state" : {
        "revision" : "487a1885c0a3034769a3d7737f170c8ec9dc00d9",
        "version" : "1.2.0"
      }
    },
    {
      "identity" : "googlemobileadsmediationmintegral",
      "kind" : "remoteSourceControl",
      "location" : "https://github.com/AnyMindG/GoogleMobileAdsMediationMintegral.git",
      "state" : {
        "revision" : "df3441186c5b30b645b8c2ac4427894f86d78b68",
        "version" : "1.1.0"
      }
    },
    {
      "identity" : "iasdkcore",
      "kind" : "remoteSourceControl",
      "location" : "https://github.com/AnyMindG/IASDKCore.git",
      "state" : {
        "revision" : "2fdd544d9a4dbc2fd6b1aeeaaa989c24267429f7",
        "version" : "1.3.0"
      }
    },
    {
      "identity" : "inmobiadsdk",
      "kind" : "remoteSourceControl",
      "location" : "https://github.com/AnyMindG/InMobiAdSDK.git",
      "state" : {
        "revision" : "46276486eb4285a57cf397297a95eed55af4fc0d",
        "version" : "1.1.0"
      }
    },
    {
      "identity" : "ogurymediationgooglemobileads",
      "kind" : "remoteSourceControl",
      "location" : "https://github.com/AnyMindG/OguryMediationGoogleMobileAds.git",
      "state" : {
        "revision" : "7d0c8c6b193c14af5ca0a11ab34ac4ae1ac4e3d1",
        "version" : "1.0.0"
      }
    },
    {
      "identity" : "swift-package-manager-google-mobile-ads",
      "kind" : "remoteSourceControl",
      "location" : "https://github.com/googleads/swift-package-manager-google-mobile-ads.git",
      "state" : {
        "revision" : "7778cc1ab037c10dbbe026959e51e616bd961be9",
        "version" : "11.13.0"
      }
    },
    {
      "identity" : "swift-package-manager-google-user-messaging-platform",
      "kind" : "remoteSourceControl",
      "location" : "https://github.com/googleads/swift-package-manager-google-user-messaging-platform.git",
      "state" : {
        "revision" : "708a282840c2171ee63bd93b87afa49fe507d70e",
        "version" : "2.7.0"
      }
    }
  ],
  "version" : 3
}
