{
  "originHash" : "b01d3b774620f31222a7c18c1e8d77c8b8748c677e0c2afacbcc84bca9f4d791",
  "pins" : [
    {
      "identity" : "adsdks",
      "kind" : "remoteSourceControl",
      "location" : "https://github.com/AnyMindG/AdSDKs.git",
      "state" : {
        "revision" : "cd4a9ee07773fba9ac1fc280061fe03400e8000d",
        "version" : "1.21.0"
      }
    },
    {
      "identity" : "googlemobileadsmediationfyber",
      "kind" : "remoteSourceControl",
      "location" : "https://github.com/AnyMindG/GoogleMobileAdsMediationFyber.git",
      "state" : {
        "revision" : "93ed4440611efc09711e981043bd2a39a46ae9bd",
        "version" : "1.3.0"
      }
    },
    {
      "identity" : "googlemobileadsmediationinmobi",
      "kind" : "remoteSourceControl",
      "location" : "https://github.com/AnyMindG/GoogleMobileAdsMediationInMobi.git",
      "state" : {
        "revision" : "487a1885c0a3034769a3d7737f170c8ec9dc00d9",
        "version" : "1.2.0"
      }
    },
    {
      "identity" : "googlemobileadsmediationmintegral",
      "kind" : "remoteSourceControl",
      "location" : "https://github.com/AnyMindG/GoogleMobileAdsMediationMintegral.git",
      "state" : {
        "revision" : "df3441186c5b30b645b8c2ac4427894f86d78b68",
        "version" : "1.1.0"
      }
    },
    {
      "identity" : "iasdkcore",
      "kind" : "remoteSourceControl",
      "location" : "https://github.com/AnyMindG/IASDKCore.git",
      "state" : {
        "revision" : "2fdd544d9a4dbc2fd6b1aeeaaa989c24267429f7",
        "version" : "1.3.0"
      }
    },
    {
      "identity" : "inmobiadsdk",
      "kind" : "remoteSourceControl",
      "location" : "https://github.com/AnyMindG/InMobiAdSDK.git",
      "state" : {
        "revision" : "46276486eb4285a57cf397297a95eed55af4fc0d",
        "version" : "1.1.0"
      }
    },
    {
      "identity" : "ogurymediationgooglemobileads",
      "kind" : "remoteSourceControl",
      "location" : "https://github.com/AnyMindG/OguryMediationGoogleMobileAds.git",
      "state" : {
        "revision" : "7d0c8c6b193c14af5ca0a11ab34ac4ae1ac4e3d1",
        "version" : "1.0.0"
      }
    },
    {
      "identity" : "smaato-ios-sdk-mediation-admob",
      "kind" : "remoteSourceControl",
      "location" : "https://github.com/AnyMindG/smaato-ios-sdk-mediation-admob.git",
      "state" : {
        "revision" : "2ef01ee5826658262d9be60c430a015d6335ca12",
        "version" : "1.2.0"
      }
    },
    {
      "identity" : "swift-package-manager-google-mobile-ads",
      "kind" : "remoteSourceControl",
      "location" : "https://github.com/googleads/swift-package-manager-google-mobile-ads.git",
      "state" : {
        "revision" : "7778cc1ab037c10dbbe026959e51e616bd961be9",
        "version" : "11.13.0"
      }
    },
    {
      "identity" : "swift-package-manager-google-user-messaging-platform",
      "kind" : "remoteSourceControl",
      "location" : "https://github.com/googleads/swift-package-manager-google-user-messaging-platform.git",
      "state" : {
        "revision" : "708a282840c2171ee63bd93b87afa49fe507d70e",
        "version" : "2.7.0"
      }
    }
  ],
  "version" : 3
}
