{
  "originHash" : "e7c4f2e9c179d4ba500586d83e16b3a3709d97341ff5eef632f16b537d1eee77",
  "pins" : [
    {
      "identity" : "adsdks",
      "kind" : "remoteSourceControl",
      "location" : "https://github.com/AnyMindG/AdSDKs.git",
      "state" : {
        "revision" : "187e9a43f83a3fd08e7e392ed2fa1ab2afd954e4",
        "version" : "1.12.0"
      }
    },
    {
      "identity" : "googlemobileadsmediationfyber",
      "kind" : "remoteSourceControl",
      "location" : "https://github.com/AnyMindG/GoogleMobileAdsMediationFyber.git",
      "state" : {
        "revision" : "93ed4440611efc09711e981043bd2a39a46ae9bd",
        "version" : "1.3.0"
      }
    },
    {
      "identity" : "iasdkcore",
      "kind" : "remoteSourceControl",
      "location" : "https://github.com/AnyMindG/IASDKCore.git",
      "state" : {
        "revision" : "2fdd544d9a4dbc2fd6b1aeeaaa989c24267429f7",
        "version" : "1.3.0"
      }
    },
    {
      "identity" : "swift-package-manager-google-mobile-ads",
      "kind" : "remoteSourceControl",
      "location" : "https://github.com/googleads/swift-package-manager-google-mobile-ads.git",
      "state" : {
        "revision" : "7778cc1ab037c10dbbe026959e51e616bd961be9",
        "version" : "11.13.0"
      }
    },
    {
      "identity" : "swift-package-manager-google-user-messaging-platform",
      "kind" : "remoteSourceControl",
      "location" : "https://github.com/googleads/swift-package-manager-google-user-messaging-platform.git",
      "state" : {
        "revision" : "708a282840c2171ee63bd93b87afa49fe507d70e",
        "version" : "2.7.0"
      }
    }
  ],
  "version" : 3
}
